
Microsoft Visual Studio Solution File, Format Version 12.00
# Visual Studio Version 16
VisualStudioVersion = 16.0.29230.47
MinimumVisualStudioVersion = 10.0.40219.1
Project("{FAE04EC0-301F-11D3-BF4B-00C04F79EFBC}") = "WebApplication3", "WebApplication3\WebApplication3.csproj", "{F910E04F-BDA9-47DD-91C9-A1589B132F4F}"
EndProject
Global
	GlobalSection(SolutionConfigurationPlatforms) = preSolution
		Debug|Any CPU = Debug|Any CPU
		Release|Any CPU = Release|Any CPU
	EndGlobalSection
	GlobalSection(ProjectConfigurationPlatforms) = postSolution
		{F910E04F-BDA9-47DD-91C9-A1589B132F4F}.Debug|Any CPU.ActiveCfg = Debug|Any CPU
		{F910E04F-BDA9-47DD-91C9-A1589B132F4F}.Debug|Any CPU.Build.0 = Debug|Any CPU
		{F910E04F-BDA9-47DD-91C9-A1589B132F4F}.Release|Any CPU.ActiveCfg = Release|Any CPU
		{F910E04F-BDA9-47DD-91C9-A1589B132F4F}.Release|Any CPU.Build.0 = Release|Any CPU
	EndGlobalSection
	GlobalSection(SolutionProperties) = preSolution
		HideSolutionNode = FALSE
	EndGlobalSection
	GlobalSection(ExtensibilityGlobals) = postSolution
		SolutionGuid = {0D7930C1-915B-4EBC-9263-A508B2287094}
	EndGlobalSection
EndGlobal
